// !$*UTF8*$!
{
	archiveVersion = 1;
	classes = {
	};
	objectVersion = 46;
	objects = {

/* Begin PBXBuildFile section */
		241DAF181E8F952900BD5E65 /* AppDelegate.swift in Sources */ = {isa = PBXBuildFile; fileRef = 241DAF171E8F952900BD5E65 /* AppDelegate.swift */; };
		241DAF1A1E8F952900BD5E65 /* ViewController.swift in Sources */ = {isa = PBXBuildFile; fileRef = 241DAF191E8F952900BD5E65 /* ViewController.swift */; };
		241DAF1D1E8F952900BD5E65 /* Main.storyboard in Resources */ = {isa = PBXBuildFile; fileRef = 241DAF1B1E8F952900BD5E65 /* Main.storyboard */; };
		241DAF1F1E8F952900BD5E65 /* Assets.xcassets in Resources */ = {isa = PBXBuildFile; fileRef = 241DAF1E1E8F952900BD5E65 /* Assets.xcassets */; };
		241DAF221E8F952900BD5E65 /* LaunchScreen.storyboard in Resources */ = {isa = PBXBuildFile; fileRef = 241DAF201E8F952900BD5E65 /* LaunchScreen.storyboard */; };
		241DAF2A1E8FA1F300BD5E65 /* LoadData.swift in Sources */ = {isa = PBXBuildFile; fileRef = 241DAF291E8FA1F300BD5E65 /* LoadData.swift */; };
		2EB0A28748C1CECE9A99BE56 /* Pods_Accept.framework in Frameworks */ = {isa = PBXBuildFile; fileRef = 6F9C7779084BCBF9D7E50ABD /* Pods_Accept.framework */; };
		73DBE5EC1E8FAAEC00E9757E /* SaluteViewController.swift in Sources */ = {isa = PBXBuildFile; fileRef = 73DBE5EB1E8FAAEC00E9757E /* SaluteViewController.swift */; };
		73DBE5EE1E8FAC3100E9757E /* RegistrationViewController.swift in Sources */ = {isa = PBXBuildFile; fileRef = 73DBE5ED1E8FAC3100E9757E /* RegistrationViewController.swift */; };
		73DBE5F01E8FAC5900E9757E /* PasswordViewController.swift in Sources */ = {isa = PBXBuildFile; fileRef = 73DBE5EF1E8FAC5900E9757E /* PasswordViewController.swift */; };
/* End PBXBuildFile section */

/* Begin PBXFileReference section */
		241DAF141E8F952900BD5E65 /* Accept.app */ = {isa = PBXFileReference; explicitFileType = wrapper.application; includeInIndex = 0; path = Accept.app; sourceTree = BUILT_PRODUCTS_DIR; };
		241DAF171E8F952900BD5E65 /* AppDelegate.swift */ = {isa = PBXFileReference; lastKnownFileType = sourcecode.swift; path = AppDelegate.swift; sourceTree = "<group>"; };
		241DAF191E8F952900BD5E65 /* ViewController.swift */ = {isa = PBXFileReference; lastKnownFileType = sourcecode.swift; path = ViewController.swift; sourceTree = "<group>"; };
		241DAF1C1E8F952900BD5E65 /* Base */ = {isa = PBXFileReference; lastKnownFileType = file.storyboard; name = Base; path = Base.lproj/Main.storyboard; sourceTree = "<group>"; };
		241DAF1E1E8F952900BD5E65 /* Assets.xcassets */ = {isa = PBXFileReference; lastKnownFileType = folder.assetcatalog; path = Assets.xcassets; sourceTree = "<group>"; };
		241DAF211E8F952900BD5E65 /* Base */ = {isa = PBXFileReference; lastKnownFileType = file.storyboard; name = Base; path = Base.lproj/LaunchScreen.storyboard; sourceTree = "<group>"; };
		241DAF231E8F952900BD5E65 /* Info.plist */ = {isa = PBXFileReference; lastKnownFileType = text.plist.xml; path = Info.plist; sourceTree = "<group>"; };
		241DAF291E8FA1F300BD5E65 /* LoadData.swift */ = {isa = PBXFileReference; fileEncoding = 4; lastKnownFileType = sourcecode.swift; path = LoadData.swift; sourceTree = "<group>"; };
		4AE968E32D230326089BDF99 /* Pods-Accept.release.xcconfig */ = {isa = PBXFileReference; includeInIndex = 1; lastKnownFileType = text.xcconfig; name = "Pods-Accept.release.xcconfig"; path = "Pods/Target Support Files/Pods-Accept/Pods-Accept.release.xcconfig"; sourceTree = "<group>"; };
		6F9C7779084BCBF9D7E50ABD /* Pods_Accept.framework */ = {isa = PBXFileReference; explicitFileType = wrapper.framework; includeInIndex = 0; path = Pods_Accept.framework; sourceTree = BUILT_PRODUCTS_DIR; };
		73DBE5EB1E8FAAEC00E9757E /* SaluteViewController.swift */ = {isa = PBXFileReference; fileEncoding = 4; lastKnownFileType = sourcecode.swift; path = SaluteViewController.swift; sourceTree = "<group>"; };
		73DBE5ED1E8FAC3100E9757E /* RegistrationViewController.swift */ = {isa = PBXFileReference; fileEncoding = 4; lastKnownFileType = sourcecode.swift; path = RegistrationViewController.swift; sourceTree = "<group>"; };
		73DBE5EF1E8FAC5900E9757E /* PasswordViewController.swift */ = {isa = PBXFileReference; fileEncoding = 4; lastKnownFileType = sourcecode.swift; path = PasswordViewController.swift; sourceTree = "<group>"; };
		8090B42C87B77D9D70E7F4E6 /* Pods-Accept.debug.xcconfig */ = {isa = PBXFileReference; includeInIndex = 1; lastKnownFileType = text.xcconfig; name = "Pods-Accept.debug.xcconfig"; path = "Pods/Target Support Files/Pods-Accept/Pods-Accept.debug.xcconfig"; sourceTree = "<group>"; };
/* End PBXFileReference section */

/* Begin PBXFrameworksBuildPhase section */
		241DAF111E8F952900BD5E65 /* Frameworks */ = {
			isa = PBXFrameworksBuildPhase;
			buildActionMask = 2147483647;
			files = (
				2EB0A28748C1CECE9A99BE56 /* Pods_Accept.framework in Frameworks */,
			);
			runOnlyForDeploymentPostprocessing = 0;
		};
/* End PBXFrameworksBuildPhase section */

/* Begin PBXGroup section */
		241DAF0B1E8F952900BD5E65 = {
			isa = PBXGroup;
			children = (
				241DAF161E8F952900BD5E65 /* Accept */,
				241DAF151E8F952900BD5E65 /* Products */,
				E55AEA69B8209263CB7524C0 /* Pods */,
				3F8842EA98C072F8034CF68B /* Frameworks */,
			);
			sourceTree = "<group>";
		};
		241DAF151E8F952900BD5E65 /* Products */ = {
			isa = PBXGroup;
			children = (
				241DAF141E8F952900BD5E65 /* Accept.app */,
			);
			name = Products;
			sourceTree = "<group>";
		};
		241DAF161E8F952900BD5E65 /* Accept */ = {
			isa = PBXGroup;
			children = (
				241DAF171E8F952900BD5E65 /* AppDelegate.swift */,
				241DAF191E8F952900BD5E65 /* ViewController.swift */,
				241DAF291E8FA1F300BD5E65 /* LoadData.swift */,
				241DAF1B1E8F952900BD5E65 /* Main.storyboard */,
				241DAF1E1E8F952900BD5E65 /* Assets.xcassets */,
				241DAF201E8F952900BD5E65 /* LaunchScreen.storyboard */,
				241DAF231E8F952900BD5E65 /* Info.plist */,
				73DBE5EB1E8FAAEC00E9757E /* SaluteViewController.swift */,
				73DBE5ED1E8FAC3100E9757E /* RegistrationViewController.swift */,
				73DBE5EF1E8FAC5900E9757E /* PasswordViewController.swift */,
			);
			path = Accept;
			sourceTree = "<group>";
		};
		3F8842EA98C072F8034CF68B /* Frameworks */ = {
			isa = PBXGroup;
			children = (
				6F9C7779084BCBF9D7E50ABD /* Pods_Accept.framework */,
			);
			name = Frameworks;
			sourceTree = "<group>";
		};
		E55AEA69B8209263CB7524C0 /* Pods */ = {
			isa = PBXGroup;
			children = (
				8090B42C87B77D9D70E7F4E6 /* Pods-Accept.debug.xcconfig */,
				4AE968E32D230326089BDF99 /* Pods-Accept.release.xcconfig */,
			);
			name = Pods;
			sourceTree = "<group>";
		};
/* End PBXGroup section */

/* Begin PBXNativeTarget section */
		241DAF131E8F952900BD5E65 /* Accept */ = {
			isa = PBXNativeTarget;
			buildConfigurationList = 241DAF261E8F952900BD5E65 /* Build configuration list for PBXNativeTarget "Accept" */;
			buildPhases = (
				AEC362AD0E17E677531AA188 /* [CP] Check Pods Manifest.lock */,
				241DAF101E8F952900BD5E65 /* Sources */,
				241DAF111E8F952900BD5E65 /* Frameworks */,
				241DAF121E8F952900BD5E65 /* Resources */,
				264089C83ECEA51646C0F063 /* [CP] Embed Pods Frameworks */,
				B97B1DE8EAFB516E31C0C8A5 /* [CP] Copy Pods Resources */,
			);
			buildRules = (
			);
			dependencies = (
			);
			name = Accept;
			productName = Accept;
			productReference = 241DAF141E8F952900BD5E65 /* Accept.app */;
			productType = "com.apple.product-type.application";
		};
/* End PBXNativeTarget section */

/* Begin PBXProject section */
		241DAF0C1E8F952900BD5E65 /* Project object */ = {
			isa = PBXProject;
			attributes = {
				LastSwiftUpdateCheck = 0830;
				LastUpgradeCheck = 0830;
				ORGANIZATIONNAME = "Иван";
				TargetAttributes = {
					241DAF131E8F952900BD5E65 = {
						CreatedOnToolsVersion = 8.3;
						DevelopmentTeam = HPGLGM5TWM;
						ProvisioningStyle = Automatic;
					};
				};
			};
			buildConfigurationList = 241DAF0F1E8F952900BD5E65 /* Build configuration list for PBXProject "Accept" */;
			compatibilityVersion = "Xcode 3.2";
			developmentRegion = English;
			hasScannedForEncodings = 0;
			knownRegions = (
				en,
				Base,
			);
			mainGroup = 241DAF0B1E8F952900BD5E65;
			productRefGroup = 241DAF151E8F952900BD5E65 /* Products */;
			projectDirPath = "";
			projectRoot = "";
			targets = (
				241DAF131E8F952900BD5E65 /* Accept */,
			);
		};
/* End PBXProject section */

/* Begin PBXResourcesBuildPhase section */
		241DAF121E8F952900BD5E65 /* Resources */ = {
			isa = PBXResourcesBuildPhase;
			buildActionMask = 2147483647;
			files = (
				241DAF221E8F952900BD5E65 /* LaunchScreen.storyboard in Resources */,
				241DAF1F1E8F952900BD5E65 /* Assets.xcassets in Resources */,
				241DAF1D1E8F952900BD5E65 /* Main.storyboard in Resources */,
			);
			runOnlyForDeploymentPostprocessing = 0;
		};
/* End PBXResourcesBuildPhase section */

/* Begin PBXShellScriptBuildPhase section */
		264089C83ECEA51646C0F063 /* [CP] Embed Pods Frameworks */ = {
			isa = PBXShellScriptBuildPhase;
			buildActionMask = 2147483647;
			files = (
			);
			inputPaths = (
			);
			name = "[CP] Embed Pods Frameworks";
			outputPaths = (
			);
			runOnlyForDeploymentPostprocessing = 0;
			shellPath = /bin/sh;
			shellScript = "\"${SRCROOT}/Pods/Target Support Files/Pods-Accept/Pods-Accept-frameworks.sh\"\n";
			showEnvVarsInLog = 0;
		};
		AEC362AD0E17E677531AA188 /* [CP] Check Pods Manifest.lock */ = {
			isa = PBXShellScriptBuildPhase;
			buildActionMask = 2147483647;
			files = (
			);
			inputPaths = (
			);
			name = "[CP] Check Pods Manifest.lock";
			outputPaths = (
			);
			runOnlyForDeploymentPostprocessing = 0;
			shellPath = /bin/sh;
			shellScript = "diff \"${PODS_ROOT}/../Podfile.lock\" \"${PODS_ROOT}/Manifest.lock\" > /dev/null\nif [ $? != 0 ] ; then\n    # print error to STDERR\n    echo \"error: The sandbox is not in sync with the Podfile.lock. Run 'pod install' or update your CocoaPods installation.\" >&2\n    exit 1\nfi\n";
			showEnvVarsInLog = 0;
		};
		B97B1DE8EAFB516E31C0C8A5 /* [CP] Copy Pods Resources */ = {
			isa = PBXShellScriptBuildPhase;
			buildActionMask = 2147483647;
			files = (
			);
			inputPaths = (
			);
			name = "[CP] Copy Pods Resources";
			outputPaths = (
			);
			runOnlyForDeploymentPostprocessing = 0;
			shellPath = /bin/sh;
			shellScript = "\"${SRCROOT}/Pods/Target Support Files/Pods-Accept/Pods-Accept-resources.sh\"\n";
			showEnvVarsInLog = 0;
		};
/* End PBXShellScriptBuildPhase section */

/* Begin PBXSourcesBuildPhase section */
		241DAF101E8F952900BD5E65 /* Sources */ = {
			isa = PBXSourcesBuildPhase;
			buildActionMask = 2147483647;
			files = (
				241DAF1A1E8F952900BD5E65 /* ViewController.swift in Sources */,
				241DAF181E8F952900BD5E65 /* AppDelegate.swift in Sources */,
				73DBE5EC1E8FAAEC00E9757E /* SaluteViewController.swift in Sources */,
				241DAF2A1E8FA1F300BD5E65 /* LoadData.swift in Sources */,
				73DBE5EE1E8FAC3100E9757E /* RegistrationViewController.swift in Sources */,
				73DBE5F01E8FAC5900E9757E /* PasswordViewController.swift in Sources */,
			);
			runOnlyForDeploymentPostprocessing = 0;
		};
/* End PBXSourcesBuildPhase section */

/* Begin PBXVariantGroup section */
		241DAF1B1E8F952900BD5E65 /* Main.storyboard */ = {
			isa = PBXVariantGroup;
			children = (
				241DAF1C1E8F952900BD5E65 /* Base */,
			);
			name = Main.storyboard;
			sourceTree = "<group>";
		};
		241DAF201E8F952900BD5E65 /* LaunchScreen.storyboard */ = {
			isa = PBXVariantGroup;
			children = (
				241DAF211E8F952900BD5E65 /* Base */,
			);
			name = LaunchScreen.storyboard;
			sourceTree = "<group>";
		};
/* End PBXVariantGroup section */

/* Begin XCBuildConfiguration section */
		241DAF241E8F952900BD5E65 /* Debug */ = {
			isa = XCBuildConfiguration;
			buildSettings = {
				ALWAYS_SEARCH_USER_PATHS = NO;
				CLANG_ANALYZER_NONNULL = YES;
				CLANG_ANALYZER_NUMBER_OBJECT_CONVERSION = YES_AGGRESSIVE;
				CLANG_CXX_LANGUAGE_STANDARD = "gnu++0x";
				CLANG_CXX_LIBRARY = "libc++";
				CLANG_ENABLE_MODULES = YES;
				CLANG_ENABLE_OBJC_ARC = YES;
				CLANG_WARN_BOOL_CONVERSION = YES;
				CLANG_WARN_CONSTANT_CONVERSION = YES;
				CLANG_WARN_DIRECT_OBJC_ISA_USAGE = YES_ERROR;
				CLANG_WARN_DOCUMENTATION_COMMENTS = YES;
				CLANG_WARN_EMPTY_BODY = YES;
				CLANG_WARN_ENUM_CONVERSION = YES;
				CLANG_WARN_INFINITE_RECURSION = YES;
				CLANG_WARN_INT_CONVERSION = YES;
				CLANG_WARN_OBJC_ROOT_CLASS = YES_ERROR;
				CLANG_WARN_SUSPICIOUS_MOVE = YES;
				CLANG_WARN_UNREACHABLE_CODE = YES;
				CLANG_WARN__DUPLICATE_METHOD_MATCH = YES;
				"CODE_SIGN_IDENTITY[sdk=iphoneos*]" = "iPhone Developer";
				COPY_PHASE_STRIP = NO;
				DEBUG_INFORMATION_FORMAT = dwarf;
				ENABLE_STRICT_OBJC_MSGSEND = YES;
				ENABLE_TESTABILITY = YES;
				GCC_C_LANGUAGE_STANDARD = gnu99;
				GCC_DYNAMIC_NO_PIC = NO;
				GCC_NO_COMMON_BLOCKS = YES;
				GCC_OPTIMIZATION_LEVEL = 0;
				GCC_PREPROCESSOR_DEFINITIONS = (
					"DEBUG=1",
					"$(inherited)",
				);
				GCC_WARN_64_TO_32_BIT_CONVERSION = YES;
				GCC_WARN_ABOUT_RETURN_TYPE = YES_ERROR;
				GCC_WARN_UNDECLARED_SELECTOR = YES;
				GCC_WARN_UNINITIALIZED_AUTOS = YES_AGGRESSIVE;
				GCC_WARN_UNUSED_FUNCTION = YES;
				GCC_WARN_UNUSED_VARIABLE = YES;
				IPHONEOS_DEPLOYMENT_TARGET = 10.3;
				MTL_ENABLE_DEBUG_INFO = YES;
				ONLY_ACTIVE_ARCH = YES;
				SDKROOT = iphoneos;
				SWIFT_ACTIVE_COMPILATION_CONDITIONS = DEBUG;
				SWIFT_OPTIMIZATION_LEVEL = "-Onone";
				TARGETED_DEVICE_FAMILY = "1,2";
			};
			name = Debug;
		};
		241DAF251E8F952900BD5E65 /* Release */ = {
			isa = XCBuildConfiguration;
			buildSettings = {
				ALWAYS_SEARCH_USER_PATHS = NO;
				CLANG_ANALYZER_NONNULL = YES;
				CLANG_ANALYZER_NUMBER_OBJECT_CONVERSION = YES_AGGRESSIVE;
				CLANG_CXX_LANGUAGE_STANDARD = "gnu++0x";
				CLANG_CXX_LIBRARY = "libc++";
				CLANG_ENABLE_MODULES = YES;
				CLANG_ENABLE_OBJC_ARC = YES;
				CLANG_WARN_BOOL_CONVERSION = YES;
				CLANG_WARN_CONSTANT_CONVERSION = YES;
				CLANG_WARN_DIRECT_OBJC_ISA_USAGE = YES_ERROR;
				CLANG_WARN_DOCUMENTATION_COMMENTS = YES;
				CLANG_WARN_EMPTY_BODY = YES;
				CLANG_WARN_ENUM_CONVERSION = YES;
				CLANG_WARN_INFINITE_RECURSION = YES;
				CLANG_WARN_INT_CONVERSION = YES;
				CLANG_WARN_OBJC_ROOT_CLASS = YES_ERROR;
				CLANG_WARN_SUSPICIOUS_MOVE = YES;
				CLANG_WARN_UNREACHABLE_CODE = YES;
				CLANG_WARN__DUPLICATE_METHOD_MATCH = YES;
				"CODE_SIGN_IDENTITY[sdk=iphoneos*]" = "iPhone Developer";
				COPY_PHASE_STRIP = NO;
				DEBUG_INFORMATION_FORMAT = "dwarf-with-dsym";
				ENABLE_NS_ASSERTIONS = NO;
				ENABLE_STRICT_OBJC_MSGSEND = YES;
				GCC_C_LANGUAGE_STANDARD = gnu99;
				GCC_NO_COMMON_BLOCKS = YES;
				GCC_WARN_64_TO_32_BIT_CONVERSION = YES;
				GCC_WARN_ABOUT_RETURN_TYPE = YES_ERROR;
				GCC_WARN_UNDECLARED_SELECTOR = YES;
				GCC_WARN_UNINITIALIZED_AUTOS = YES_AGGRESSIVE;
				GCC_WARN_UNUSED_FUNCTION = YES;
				GCC_WARN_UNUSED_VARIABLE = YES;
				IPHONEOS_DEPLOYMENT_TARGET = 10.3;
				MTL_ENABLE_DEBUG_INFO = NO;
				SDKROOT = iphoneos;
				SWIFT_OPTIMIZATION_LEVEL = "-Owholemodule";
				TARGETED_DEVICE_FAMILY = "1,2";
				VALIDATE_PRODUCT = YES;
			};
			name = Release;
		};
		241DAF271E8F952900BD5E65 /* Debug */ = {
			isa = XCBuildConfiguration;
			baseConfigurationReference = 8090B42C87B77D9D70E7F4E6 /* Pods-Accept.debug.xcconfig */;
			buildSettings = {
				ASSETCATALOG_COMPILER_APPICON_NAME = AppIcon;
				DEVELOPMENT_TEAM = HPGLGM5TWM;
				INFOPLIST_FILE = Accept/Info.plist;
				IPHONEOS_DEPLOYMENT_TARGET = 9.0;
				LD_RUNPATH_SEARCH_PATHS = "$(inherited) @executable_path/Frameworks";
				PRODUCT_BUNDLE_IDENTIFIER = tbIz.Accept;
				PRODUCT_NAME = "$(TARGET_NAME)";
				SWIFT_VERSION = 3.0;
				TARGETED_DEVICE_FAMILY = 1;
			};
			name = Debug;
		};
		241DAF281E8F952900BD5E65 /* Release */ = {
			isa = XCBuildConfiguration;
			baseConfigurationReference = 4AE968E32D230326089BDF99 /* Pods-Accept.release.xcconfig */;
			buildSettings = {
				ASSETCATALOG_COMPILER_APPICON_NAME = AppIcon;
				DEVELOPMENT_TEAM = HPGLGM5TWM;
				INFOPLIST_FILE = Accept/Info.plist;
				IPHONEOS_DEPLOYMENT_TARGET = 9.0;
				LD_RUNPATH_SEARCH_PATHS = "$(inherited) @executable_path/Frameworks";
				PRODUCT_BUNDLE_IDENTIFIER = tbIz.Accept;
				PRODUCT_NAME = "$(TARGET_NAME)";
				SWIFT_VERSION = 3.0;
				TARGETED_DEVICE_FAMILY = 1;
			};
			name = Release;
		};
/* End XCBuildConfiguration section */

/* Begin XCConfigurationList section */
		241DAF0F1E8F952900BD5E65 /* Build configuration list for PBXProject "Accept" */ = {
			isa = XCConfigurationList;
			buildConfigurations = (
				241DAF241E8F952900BD5E65 /* Debug */,
				241DAF251E8F952900BD5E65 /* Release */,
			);
			defaultConfigurationIsVisible = 0;
			defaultConfigurationName = Release;
		};
		241DAF261E8F952900BD5E65 /* Build configuration list for PBXNativeTarget "Accept" */ = {
			isa = XCConfigurationList;
			buildConfigurations = (
				241DAF271E8F952900BD5E65 /* Debug */,
				241DAF281E8F952900BD5E65 /* Release */,
			);
			defaultConfigurationIsVisible = 0;
			defaultConfigurationName = Release;
		};
/* End XCConfigurationList section */
	};
	rootObject = 241DAF0C1E8F952900BD5E65 /* Project object */;
}
